// !$*UTF8*$!
{
	archiveVersion = 1;
	classes = {
	};
	objectVersion = 55;
	objects = {

/* Begin PBXBuildFile section */
		75891D1627DEFBFD00EB4F23 /* photobase in Resources */ = {isa = PBXBuildFile; fileRef = 75891D1527DEFBFD00EB4F23 /* photobase */; };
		75EADB1227CACCFA00D094D7 /* ios_photobaseApp.swift in Sources */ = {isa = PBXBuildFile; fileRef = 75EADB1127CACCFA00D094D7 /* ios_photobaseApp.swift */; };
		75EADB1427CACCFA00D094D7 /* ContentView.swift in Sources */ = {isa = PBXBuildFile; fileRef = 75EADB1327CACCFA00D094D7 /* ContentView.swift */; };
		75EADB1627CACCFC00D094D7 /* Assets.xcassets in Resources */ = {isa = PBXBuildFile; fileRef = 75EADB1527CACCFC00D094D7 /* Assets.xcassets */; };
		75EADB1927CACCFC00D094D7 /* Preview Assets.xcassets in Resources */ = {isa = PBXBuildFile; fileRef = 75EADB1827CACCFC00D094D7 /* Preview Assets.xcassets */; };
		75EADB2327CACCFC00D094D7 /* ios_photobaseTests.swift in Sources */ = {isa = PBXBuildFile; fileRef = 75EADB2227CACCFC00D094D7 /* ios_photobaseTests.swift */; };
		75EADB2D27CACCFC00D094D7 /* ios_photobaseUITests.swift in Sources */ = {isa = PBXBuildFile; fileRef = 75EADB2C27CACCFC00D094D7 /* ios_photobaseUITests.swift */; };
		75EADB2F27CACCFC00D094D7 /* ios_photobaseUITestsLaunchTests.swift in Sources */ = {isa = PBXBuildFile; fileRef = 75EADB2E27CACCFC00D094D7 /* ios_photobaseUITestsLaunchTests.swift */; };
		75EDA36427DEFD9000D0985F /* Chalkduster.ttf in Resources */ = {isa = PBXBuildFile; fileRef = 75EDA36327DEFD8F00D0985F /* Chalkduster.ttf */; };
/* End PBXBuildFile section */

/* Begin PBXContainerItemProxy section */
		75EADB1F27CACCFC00D094D7 /* PBXContainerItemProxy */ = {
			isa = PBXContainerItemProxy;
			containerPortal = 75EADB0627CACCF900D094D7 /* Project object */;
			proxyType = 1;
			remoteGlobalIDString = 75EADB0D27CACCF900D094D7;
			remoteInfo = "ios-photobase";
		};
		75EADB2927CACCFC00D094D7 /* PBXContainerItemProxy */ = {
			isa = PBXContainerItemProxy;
			containerPortal = 75EADB0627CACCF900D094D7 /* Project object */;
			proxyType = 1;
			remoteGlobalIDString = 75EADB0D27CACCF900D094D7;
			remoteInfo = "ios-photobase";
		};
/* End PBXContainerItemProxy section */

/* Begin PBXFileReference section */
		75891D1527DEFBFD00EB4F23 /* photobase */ = {isa = PBXFileReference; lastKnownFileType = folder; name = photobase; path = ../..; sourceTree = "<group>"; };
		75EADB0E27CACCFA00D094D7 /* ios-photobase.app */ = {isa = PBXFileReference; explicitFileType = wrapper.application; includeInIndex = 0; path = "ios-photobase.app"; sourceTree = BUILT_PRODUCTS_DIR; };
		75EADB1127CACCFA00D094D7 /* ios_photobaseApp.swift */ = {isa = PBXFileReference; lastKnownFileType = sourcecode.swift; path = ios_photobaseApp.swift; sourceTree = "<group>"; };
		75EADB1327CACCFA00D094D7 /* ContentView.swift */ = {isa = PBXFileReference; lastKnownFileType = sourcecode.swift; path = ContentView.swift; sourceTree = "<group>"; };
		75EADB1527CACCFC00D094D7 /* Assets.xcassets */ = {isa = PBXFileReference; lastKnownFileType = folder.assetcatalog; path = Assets.xcassets; sourceTree = "<group>"; };
		75EADB1827CACCFC00D094D7 /* Preview Assets.xcassets */ = {isa = PBXFileReference; lastKnownFileType = folder.assetcatalog; path = "Preview Assets.xcassets"; sourceTree = "<group>"; };
		75EADB1E27CACCFC00D094D7 /* ios-photobaseTests.xctest */ = {isa = PBXFileReference; explicitFileType = wrapper.cfbundle; includeInIndex = 0; path = "ios-photobaseTests.xctest"; sourceTree = BUILT_PRODUCTS_DIR; };
		75EADB2227CACCFC00D094D7 /* ios_photobaseTests.swift */ = {isa = PBXFileReference; lastKnownFileType = sourcecode.swift; path = ios_photobaseTests.swift; sourceTree = "<group>"; };
		75EADB2827CACCFC00D094D7 /* ios-photobaseUITests.xctest */ = {isa = PBXFileReference; explicitFileType = wrapper.cfbundle; includeInIndex = 0; path = "ios-photobaseUITests.xctest"; sourceTree = BUILT_PRODUCTS_DIR; };
		75EADB2C27CACCFC00D094D7 /* ios_photobaseUITests.swift */ = {isa = PBXFileReference; lastKnownFileType = sourcecode.swift; path = ios_photobaseUITests.swift; sourceTree = "<group>"; };
		75EADB2E27CACCFC00D094D7 /* ios_photobaseUITestsLaunchTests.swift */ = {isa = PBXFileReference; lastKnownFileType = sourcecode.swift; path = ios_photobaseUITestsLaunchTests.swift; sourceTree = "<group>"; };
		75EDA36327DEFD8F00D0985F /* Chalkduster.ttf */ = {isa = PBXFileReference; lastKnownFileType = file; path = Chalkduster.ttf; sourceTree = "<group>"; };
		75EDA36527DEFF8500D0985F /* Info.plist */ = {isa = PBXFileReference; lastKnownFileType = text.plist; path = Info.plist; sourceTree = "<group>"; };
/* End PBXFileReference section */

/* Begin PBXFrameworksBuildPhase section */
		75EADB0B27CACCF900D094D7 /* Frameworks */ = {
			isa = PBXFrameworksBuildPhase;
			buildActionMask = 2147483647;
			files = (
			);
			runOnlyForDeploymentPostprocessing = 0;
		};
		75EADB1B27CACCFC00D094D7 /* Frameworks */ = {
			isa = PBXFrameworksBuildPhase;
			buildActionMask = 2147483647;
			files = (
			);
			runOnlyForDeploymentPostprocessing = 0;
		};
		75EADB2527CACCFC00D094D7 /* Frameworks */ = {
			isa = PBXFrameworksBuildPhase;
			buildActionMask = 2147483647;
			files = (
			);
			runOnlyForDeploymentPostprocessing = 0;
		};
/* End PBXFrameworksBuildPhase section */

/* Begin PBXGroup section */
		75EADB0527CACCF900D094D7 = {
			isa = PBXGroup;
			children = (
				75EADB1027CACCFA00D094D7 /* ios-photobase */,
				75EADB2127CACCFC00D094D7 /* ios-photobaseTests */,
				75EADB2B27CACCFC00D094D7 /* ios-photobaseUITests */,
				75EADB0F27CACCFA00D094D7 /* Products */,
			);
			sourceTree = "<group>";
		};
		75EADB0F27CACCFA00D094D7 /* Products */ = {
			isa = PBXGroup;
			children = (
				75EADB0E27CACCFA00D094D7 /* ios-photobase.app */,
				75EADB1E27CACCFC00D094D7 /* ios-photobaseTests.xctest */,
				75EADB2827CACCFC00D094D7 /* ios-photobaseUITests.xctest */,
			);
			name = Products;
			sourceTree = "<group>";
		};
		75EADB1027CACCFA00D094D7 /* ios-photobase */ = {
			isa = PBXGroup;
			children = (
				75EDA36527DEFF8500D0985F /* Info.plist */,
				75EDA36327DEFD8F00D0985F /* Chalkduster.ttf */,
				75EADB1127CACCFA00D094D7 /* ios_photobaseApp.swift */,
				75EADB1327CACCFA00D094D7 /* ContentView.swift */,
				75891D1527DEFBFD00EB4F23 /* photobase */,
				75EADB1527CACCFC00D094D7 /* Assets.xcassets */,
				75EADB1727CACCFC00D094D7 /* Preview Content */,
			);
			path = "ios-photobase";
			sourceTree = "<group>";
		};
		75EADB1727CACCFC00D094D7 /* Preview Content */ = {
			isa = PBXGroup;
			children = (
				75EADB1827CACCFC00D094D7 /* Preview Assets.xcassets */,
			);
			path = "Preview Content";
			sourceTree = "<group>";
		};
		75EADB2127CACCFC00D094D7 /* ios-photobaseTests */ = {
			isa = PBXGroup;
			children = (
				75EADB2227CACCFC00D094D7 /* ios_photobaseTests.swift */,
			);
			path = "ios-photobaseTests";
			sourceTree = "<group>";
		};
		75EADB2B27CACCFC00D094D7 /* ios-photobaseUITests */ = {
			isa = PBXGroup;
			children = (
				75EADB2C27CACCFC00D094D7 /* ios_photobaseUITests.swift */,
				75EADB2E27CACCFC00D094D7 /* ios_photobaseUITestsLaunchTests.swift */,
			);
			path = "ios-photobaseUITests";
			sourceTree = "<group>";
		};
/* End PBXGroup section */

/* Begin PBXNativeTarget section */
		75EADB0D27CACCF900D094D7 /* ios-photobase */ = {
			isa = PBXNativeTarget;
			buildConfigurationList = 75EADB3227CACCFC00D094D7 /* Build configuration list for PBXNativeTarget "ios-photobase" */;
			buildPhases = (
				75EADB0A27CACCF900D094D7 /* Sources */,
				75EADB0B27CACCF900D094D7 /* Frameworks */,
				75EADB0C27CACCF900D094D7 /* Resources */,
			);
			buildRules = (
			);
			dependencies = (
			);
			name = "ios-photobase";
			productName = "ios-photobase";
			productReference = 75EADB0E27CACCFA00D094D7 /* ios-photobase.app */;
			productType = "com.apple.product-type.application";
		};
		75EADB1D27CACCFC00D094D7 /* ios-photobaseTests */ = {
			isa = PBXNativeTarget;
			buildConfigurationList = 75EADB3527CACCFC00D094D7 /* Build configuration list for PBXNativeTarget "ios-photobaseTests" */;
			buildPhases = (
				75EADB1A27CACCFC00D094D7 /* Sources */,
				75EADB1B27CACCFC00D094D7 /* Frameworks */,
				75EADB1C27CACCFC00D094D7 /* Resources */,
			);
			buildRules = (
			);
			dependencies = (
				75EADB2027CACCFC00D094D7 /* PBXTargetDependency */,
			);
			name = "ios-photobaseTests";
			productName = "ios-photobaseTests";
			productReference = 75EADB1E27CACCFC00D094D7 /* ios-photobaseTests.xctest */;
			productType = "com.apple.product-type.bundle.unit-test";
		};
		75EADB2727CACCFC00D094D7 /* ios-photobaseUITests */ = {
			isa = PBXNativeTarget;
			buildConfigurationList = 75EADB3827CACCFC00D094D7 /* Build configuration list for PBXNativeTarget "ios-photobaseUITests" */;
			buildPhases = (
				75EADB2427CACCFC00D094D7 /* Sources */,
				75EADB2527CACCFC00D094D7 /* Frameworks */,
				75EADB2627CACCFC00D094D7 /* Resources */,
			);
			buildRules = (
			);
			dependencies = (
				75EADB2A27CACCFC00D094D7 /* PBXTargetDependency */,
			);
			name = "ios-photobaseUITests";
			productName = "ios-photobaseUITests";
			productReference = 75EADB2827CACCFC00D094D7 /* ios-photobaseUITests.xctest */;
			productType = "com.apple.product-type.bundle.ui-testing";
		};
/* End PBXNativeTarget section */

/* Begin PBXProject section */
		75EADB0627CACCF900D094D7 /* Project object */ = {
			isa = PBXProject;
			attributes = {
				BuildIndependentTargetsInParallel = 1;
				LastSwiftUpdateCheck = 1320;
				LastUpgradeCheck = 1320;
				TargetAttributes = {
					75EADB0D27CACCF900D094D7 = {
						CreatedOnToolsVersion = 13.2.1;
					};
					75EADB1D27CACCFC00D094D7 = {
						CreatedOnToolsVersion = 13.2.1;
						TestTargetID = 75EADB0D27CACCF900D094D7;
					};
					75EADB2727CACCFC00D094D7 = {
						CreatedOnToolsVersion = 13.2.1;
						TestTargetID = 75EADB0D27CACCF900D094D7;
					};
				};
			};
			buildConfigurationList = 75EADB0927CACCF900D094D7 /* Build configuration list for PBXProject "ios-photobase" */;
			compatibilityVersion = "Xcode 13.0";
			developmentRegion = en;
			hasScannedForEncodings = 0;
			knownRegions = (
				en,
				Base,
			);
			mainGroup = 75EADB0527CACCF900D094D7;
			productRefGroup = 75EADB0F27CACCFA00D094D7 /* Products */;
			projectDirPath = "";
			projectRoot = "";
			targets = (
				75EADB0D27CACCF900D094D7 /* ios-photobase */,
				75EADB1D27CACCFC00D094D7 /* ios-photobaseTests */,
				75EADB2727CACCFC00D094D7 /* ios-photobaseUITests */,
			);
		};
/* End PBXProject section */

/* Begin PBXResourcesBuildPhase section */
		75EADB0C27CACCF900D094D7 /* Resources */ = {
			isa = PBXResourcesBuildPhase;
			buildActionMask = 2147483647;
			files = (
				75EADB1927CACCFC00D094D7 /* Preview Assets.xcassets in Resources */,
				75EDA36427DEFD9000D0985F /* Chalkduster.ttf in Resources */,
				75EADB1627CACCFC00D094D7 /* Assets.xcassets in Resources */,
				75891D1627DEFBFD00EB4F23 /* photobase in Resources */,
			);
			runOnlyForDeploymentPostprocessing = 0;
		};
		75EADB1C27CACCFC00D094D7 /* Resources */ = {
			isa = PBXResourcesBuildPhase;
			buildActionMask = 2147483647;
			files = (
			);
			runOnlyForDeploymentPostprocessing = 0;
		};
		75EADB2627CACCFC00D094D7 /* Resources */ = {
			isa = PBXResourcesBuildPhase;
			buildActionMask = 2147483647;
			files = (
			);
			runOnlyForDeploymentPostprocessing = 0;
		};
/* End PBXResourcesBuildPhase section */

/* Begin PBXSourcesBuildPhase section */
		75EADB0A27CACCF900D094D7 /* Sources */ = {
			isa = PBXSourcesBuildPhase;
			buildActionMask = 2147483647;
			files = (
				75EADB1427CACCFA00D094D7 /* ContentView.swift in Sources */,
				75EADB1227CACCFA00D094D7 /* ios_photobaseApp.swift in Sources */,
			);
			runOnlyForDeploymentPostprocessing = 0;
		};
		75EADB1A27CACCFC00D094D7 /* Sources */ = {
			isa = PBXSourcesBuildPhase;
			buildActionMask = 2147483647;
			files = (
				75EADB2327CACCFC00D094D7 /* ios_photobaseTests.swift in Sources */,
			);
			runOnlyForDeploymentPostprocessing = 0;
		};
		75EADB2427CACCFC00D094D7 /* Sources */ = {
			isa = PBXSourcesBuildPhase;
			buildActionMask = 2147483647;
			files = (
				75EADB2F27CACCFC00D094D7 /* ios_photobaseUITestsLaunchTests.swift in Sources */,
				75EADB2D27CACCFC00D094D7 /* ios_photobaseUITests.swift in Sources */,
			);
			runOnlyForDeploymentPostprocessing = 0;
		};
/* End PBXSourcesBuildPhase section */

/* Begin PBXTargetDependency section */
		75EADB2027CACCFC00D094D7 /* PBXTargetDependency */ = {
			isa = PBXTargetDependency;
			target = 75EADB0D27CACCF900D094D7 /* ios-photobase */;
			targetProxy = 75EADB1F27CACCFC00D094D7 /* PBXContainerItemProxy */;
		};
		75EADB2A27CACCFC00D094D7 /* PBXTargetDependency */ = {
			isa = PBXTargetDependency;
			target = 75EADB0D27CACCF900D094D7 /* ios-photobase */;
			targetProxy = 75EADB2927CACCFC00D094D7 /* PBXContainerItemProxy */;
		};
/* End PBXTargetDependency section */

/* Begin XCBuildConfiguration section */
		75EADB3027CACCFC00D094D7 /* Debug */ = {
			isa = XCBuildConfiguration;
			buildSettings = {
				ALWAYS_SEARCH_USER_PATHS = NO;
				CLANG_ANALYZER_NONNULL = YES;
				CLANG_ANALYZER_NUMBER_OBJECT_CONVERSION = YES_AGGRESSIVE;
				CLANG_CXX_LANGUAGE_STANDARD = "gnu++17";
				CLANG_CXX_LIBRARY = "libc++";
				CLANG_ENABLE_MODULES = YES;
				CLANG_ENABLE_OBJC_ARC = YES;
				CLANG_ENABLE_OBJC_WEAK = YES;
				CLANG_WARN_BLOCK_CAPTURE_AUTORELEASING = YES;
				CLANG_WARN_BOOL_CONVERSION = YES;
				CLANG_WARN_COMMA = YES;
				CLANG_WARN_CONSTANT_CONVERSION = YES;
				CLANG_WARN_DEPRECATED_OBJC_IMPLEMENTATIONS = YES;
				CLANG_WARN_DIRECT_OBJC_ISA_USAGE = YES_ERROR;
				CLANG_WARN_DOCUMENTATION_COMMENTS = YES;
				CLANG_WARN_EMPTY_BODY = YES;
				CLANG_WARN_ENUM_CONVERSION = YES;
				CLANG_WARN_INFINITE_RECURSION = YES;
				CLANG_WARN_INT_CONVERSION = YES;
				CLANG_WARN_NON_LITERAL_NULL_CONVERSION = YES;
				CLANG_WARN_OBJC_IMPLICIT_RETAIN_SELF = YES;
				CLANG_WARN_OBJC_LITERAL_CONVERSION = YES;
				CLANG_WARN_OBJC_ROOT_CLASS = YES_ERROR;
				CLANG_WARN_QUOTED_INCLUDE_IN_FRAMEWORK_HEADER = YES;
				CLANG_WARN_RANGE_LOOP_ANALYSIS = YES;
				CLANG_WARN_STRICT_PROTOTYPES = YES;
				CLANG_WARN_SUSPICIOUS_MOVE = YES;
				CLANG_WARN_UNGUARDED_AVAILABILITY = YES_AGGRESSIVE;
				CLANG_WARN_UNREACHABLE_CODE = YES;
				CLANG_WARN__DUPLICATE_METHOD_MATCH = YES;
				COPY_PHASE_STRIP = NO;
				DEBUG_INFORMATION_FORMAT = dwarf;
				ENABLE_STRICT_OBJC_MSGSEND = YES;
				ENABLE_TESTABILITY = YES;
				GCC_C_LANGUAGE_STANDARD = gnu11;
				GCC_DYNAMIC_NO_PIC = NO;
				GCC_NO_COMMON_BLOCKS = YES;
				GCC_OPTIMIZATION_LEVEL = 0;
				GCC_PREPROCESSOR_DEFINITIONS = (
					"DEBUG=1",
					"$(inherited)",
				);
				GCC_WARN_64_TO_32_BIT_CONVERSION = YES;
				GCC_WARN_ABOUT_RETURN_TYPE = YES_ERROR;
				GCC_WARN_UNDECLARED_SELECTOR = YES;
				GCC_WARN_UNINITIALIZED_AUTOS = YES_AGGRESSIVE;
				GCC_WARN_UNUSED_FUNCTION = YES;
				GCC_WARN_UNUSED_VARIABLE = YES;
				IPHONEOS_DEPLOYMENT_TARGET = 15.2;
				MTL_ENABLE_DEBUG_INFO = INCLUDE_SOURCE;
				MTL_FAST_MATH = YES;
				ONLY_ACTIVE_ARCH = YES;
				SDKROOT = iphoneos;
				SWIFT_ACTIVE_COMPILATION_CONDITIONS = DEBUG;
				SWIFT_OPTIMIZATION_LEVEL = "-Onone";
			};
			name = Debug;
		};
		75EADB3127CACCFC00D094D7 /* Release */ = {
			isa = XCBuildConfiguration;
			buildSettings = {
				ALWAYS_SEARCH_USER_PATHS = NO;
				CLANG_ANALYZER_NONNULL = YES;
				CLANG_ANALYZER_NUMBER_OBJECT_CONVERSION = YES_AGGRESSIVE;
				CLANG_CXX_LANGUAGE_STANDARD = "gnu++17";
				CLANG_CXX_LIBRARY = "libc++";
				CLANG_ENABLE_MODULES = YES;
				CLANG_ENABLE_OBJC_ARC = YES;
				CLANG_ENABLE_OBJC_WEAK = YES;
				CLANG_WARN_BLOCK_CAPTURE_AUTORELEASING = YES;
				CLANG_WARN_BOOL_CONVERSION = YES;
				CLANG_WARN_COMMA = YES;
				CLANG_WARN_CONSTANT_CONVERSION = YES;
				CLANG_WARN_DEPRECATED_OBJC_IMPLEMENTATIONS = YES;
				CLANG_WARN_DIRECT_OBJC_ISA_USAGE = YES_ERROR;
				CLANG_WARN_DOCUMENTATION_COMMENTS = YES;
				CLANG_WARN_EMPTY_BODY = YES;
				CLANG_WARN_ENUM_CONVERSION = YES;
				CLANG_WARN_INFINITE_RECURSION = YES;
				CLANG_WARN_INT_CONVERSION = YES;
				CLANG_WARN_NON_LITERAL_NULL_CONVERSION = YES;
				CLANG_WARN_OBJC_IMPLICIT_RETAIN_SELF = YES;
				CLANG_WARN_OBJC_LITERAL_CONVERSION = YES;
				CLANG_WARN_OBJC_ROOT_CLASS = YES_ERROR;
				CLANG_WARN_QUOTED_INCLUDE_IN_FRAMEWORK_HEADER = YES;
				CLANG_WARN_RANGE_LOOP_ANALYSIS = YES;
				CLANG_WARN_STRICT_PROTOTYPES = YES;
				CLANG_WARN_SUSPICIOUS_MOVE = YES;
				CLANG_WARN_UNGUARDED_AVAILABILITY = YES_AGGRESSIVE;
				CLANG_WARN_UNREACHABLE_CODE = YES;
				CLANG_WARN__DUPLICATE_METHOD_MATCH = YES;
				COPY_PHASE_STRIP = NO;
				DEBUG_INFORMATION_FORMAT = "dwarf-with-dsym";
				ENABLE_NS_ASSERTIONS = NO;
				ENABLE_STRICT_OBJC_MSGSEND = YES;
				GCC_C_LANGUAGE_STANDARD = gnu11;
				GCC_NO_COMMON_BLOCKS = YES;
				GCC_WARN_64_TO_32_BIT_CONVERSION = YES;
				GCC_WARN_ABOUT_RETURN_TYPE = YES_ERROR;
				GCC_WARN_UNDECLARED_SELECTOR = YES;
				GCC_WARN_UNINITIALIZED_AUTOS = YES_AGGRESSIVE;
				GCC_WARN_UNUSED_FUNCTION = YES;
				GCC_WARN_UNUSED_VARIABLE = YES;
				IPHONEOS_DEPLOYMENT_TARGET = 15.2;
				MTL_ENABLE_DEBUG_INFO = NO;
				MTL_FAST_MATH = YES;
				SDKROOT = iphoneos;
				SWIFT_COMPILATION_MODE = wholemodule;
				SWIFT_OPTIMIZATION_LEVEL = "-O";
				VALIDATE_PRODUCT = YES;
			};
			name = Release;
		};
		75EADB3327CACCFC00D094D7 /* Debug */ = {
			isa = XCBuildConfiguration;
			buildSettings = {
				ASSETCATALOG_COMPILER_APPICON_NAME = AppIcon;
				ASSETCATALOG_COMPILER_GLOBAL_ACCENT_COLOR_NAME = AccentColor;
				CODE_SIGN_STYLE = Automatic;
				CURRENT_PROJECT_VERSION = 1;
				DEVELOPMENT_ASSET_PATHS = "\"ios-photobase/Preview Content\"";
				DEVELOPMENT_TEAM = R7L4D2MTLS;
				ENABLE_PREVIEWS = YES;
				GENERATE_INFOPLIST_FILE = YES;
				INFOPLIST_FILE = "ios-photobase/Info.plist";
				INFOPLIST_KEY_UIApplicationSceneManifest_Generation = YES;
				INFOPLIST_KEY_UIApplicationSupportsIndirectInputEvents = YES;
				INFOPLIST_KEY_UILaunchScreen_Generation = YES;
				INFOPLIST_KEY_UISupportedInterfaceOrientations_iPad = "UIInterfaceOrientationPortrait UIInterfaceOrientationPortraitUpsideDown UIInterfaceOrientationLandscapeLeft UIInterfaceOrientationLandscapeRight";
				INFOPLIST_KEY_UISupportedInterfaceOrientations_iPhone = "UIInterfaceOrientationPortrait UIInterfaceOrientationLandscapeLeft UIInterfaceOrientationLandscapeRight";
				LD_RUNPATH_SEARCH_PATHS = (
					"$(inherited)",
					"@executable_path/Frameworks",
				);
				MARKETING_VERSION = 1.0;
				PRODUCT_BUNDLE_IDENTIFIER = "micahperez.ios-photobase";
				PRODUCT_NAME = "$(TARGET_NAME)";
				SWIFT_EMIT_LOC_STRINGS = YES;
				SWIFT_VERSION = 5.0;
				TARGETED_DEVICE_FAMILY = "1,2";
			};
			name = Debug;
		};
		75EADB3427CACCFC00D094D7 /* Release */ = {
			isa = XCBuildConfiguration;
			buildSettings = {
				ASSETCATALOG_COMPILER_APPICON_NAME = AppIcon;
				ASSETCATALOG_COMPILER_GLOBAL_ACCENT_COLOR_NAME = AccentColor;
				CODE_SIGN_STYLE = Automatic;
				CURRENT_PROJECT_VERSION = 1;
				DEVELOPMENT_ASSET_PATHS = "\"ios-photobase/Preview Content\"";
				DEVELOPMENT_TEAM = R7L4D2MTLS;
				ENABLE_PREVIEWS = YES;
				GENERATE_INFOPLIST_FILE = YES;
				INFOPLIST_FILE = "ios-photobase/Info.plist";
				INFOPLIST_KEY_UIApplicationSceneManifest_Generation = YES;
				INFOPLIST_KEY_UIApplicationSupportsIndirectInputEvents = YES;
				INFOPLIST_KEY_UILaunchScreen_Generation = YES;
				INFOPLIST_KEY_UISupportedInterfaceOrientations_iPad = "UIInterfaceOrientationPortrait UIInterfaceOrientationPortraitUpsideDown UIInterfaceOrientationLandscapeLeft UIInterfaceOrientationLandscapeRight";
				INFOPLIST_KEY_UISupportedInterfaceOrientations_iPhone = "UIInterfaceOrientationPortrait UIInterfaceOrientationLandscapeLeft UIInterfaceOrientationLandscapeRight";
				LD_RUNPATH_SEARCH_PATHS = (
					"$(inherited)",
					"@executable_path/Frameworks",
				);
				MARKETING_VERSION = 1.0;
				PRODUCT_BUNDLE_IDENTIFIER = "micahperez.ios-photobase";
				PRODUCT_NAME = "$(TARGET_NAME)";
				SWIFT_EMIT_LOC_STRINGS = YES;
				SWIFT_VERSION = 5.0;
				TARGETED_DEVICE_FAMILY = "1,2";
			};
			name = Release;
		};
		75EADB3627CACCFC00D094D7 /* Debug */ = {
			isa = XCBuildConfiguration;
			buildSettings = {
				ALWAYS_EMBED_SWIFT_STANDARD_LIBRARIES = YES;
				BUNDLE_LOADER = "$(TEST_HOST)";
				CODE_SIGN_STYLE = Automatic;
				CURRENT_PROJECT_VERSION = 1;
				GENERATE_INFOPLIST_FILE = YES;
				IPHONEOS_DEPLOYMENT_TARGET = 15.2;
				MARKETING_VERSION = 1.0;
				PRODUCT_BUNDLE_IDENTIFIER = "micahperez.ios-photobaseTests";
				PRODUCT_NAME = "$(TARGET_NAME)";
				SWIFT_EMIT_LOC_STRINGS = NO;
				SWIFT_VERSION = 5.0;
				TARGETED_DEVICE_FAMILY = "1,2";
				TEST_HOST = "$(BUILT_PRODUCTS_DIR)/ios-photobase.app/ios-photobase";
			};
			name = Debug;
		};
		75EADB3727CACCFC00D094D7 /* Release */ = {
			isa = XCBuildConfiguration;
			buildSettings = {
				ALWAYS_EMBED_SWIFT_STANDARD_LIBRARIES = YES;
				BUNDLE_LOADER = "$(TEST_HOST)";
				CODE_SIGN_STYLE = Automatic;
				CURRENT_PROJECT_VERSION = 1;
				GENERATE_INFOPLIST_FILE = YES;
				IPHONEOS_DEPLOYMENT_TARGET = 15.2;
				MARKETING_VERSION = 1.0;
				PRODUCT_BUNDLE_IDENTIFIER = "micahperez.ios-photobaseTests";
				PRODUCT_NAME = "$(TARGET_NAME)";
				SWIFT_EMIT_LOC_STRINGS = NO;
				SWIFT_VERSION = 5.0;
				TARGETED_DEVICE_FAMILY = "1,2";
				TEST_HOST = "$(BUILT_PRODUCTS_DIR)/ios-photobase.app/ios-photobase";
			};
			name = Release;
		};
		75EADB3927CACCFC00D094D7 /* Debug */ = {
			isa = XCBuildConfiguration;
			buildSettings = {
				ALWAYS_EMBED_SWIFT_STANDARD_LIBRARIES = YES;
				CODE_SIGN_STYLE = Automatic;
				CURRENT_PROJECT_VERSION = 1;
				GENERATE_INFOPLIST_FILE = YES;
				MARKETING_VERSION = 1.0;
				PRODUCT_BUNDLE_IDENTIFIER = "micahperez.ios-photobaseUITests";
				PRODUCT_NAME = "$(TARGET_NAME)";
				SWIFT_EMIT_LOC_STRINGS = NO;
				SWIFT_VERSION = 5.0;
				TARGETED_DEVICE_FAMILY = "1,2";
				TEST_TARGET_NAME = "ios-photobase";
			};
			name = Debug;
		};
		75EADB3A27CACCFC00D094D7 /* Release */ = {
			isa = XCBuildConfiguration;
			buildSettings = {
				ALWAYS_EMBED_SWIFT_STANDARD_LIBRARIES = YES;
				CODE_SIGN_STYLE = Automatic;
				CURRENT_PROJECT_VERSION = 1;
				GENERATE_INFOPLIST_FILE = YES;
				MARKETING_VERSION = 1.0;
				PRODUCT_BUNDLE_IDENTIFIER = "micahperez.ios-photobaseUITests";
				PRODUCT_NAME = "$(TARGET_NAME)";
				SWIFT_EMIT_LOC_STRINGS = NO;
				SWIFT_VERSION = 5.0;
				TARGETED_DEVICE_FAMILY = "1,2";
				TEST_TARGET_NAME = "ios-photobase";
			};
			name = Release;
		};
/* End XCBuildConfiguration section */

/* Begin XCConfigurationList section */
		75EADB0927CACCF900D094D7 /* Build configuration list for PBXProject "ios-photobase" */ = {
			isa = XCConfigurationList;
			buildConfigurations = (
				75EADB3027CACCFC00D094D7 /* Debug */,
				75EADB3127CACCFC00D094D7 /* Release */,
			);
			defaultConfigurationIsVisible = 0;
			defaultConfigurationName = Release;
		};
		75EADB3227CACCFC00D094D7 /* Build configuration list for PBXNativeTarget "ios-photobase" */ = {
			isa = XCConfigurationList;
			buildConfigurations = (
				75EADB3327CACCFC00D094D7 /* Debug */,
				75EADB3427CACCFC00D094D7 /* Release */,
			);
			defaultConfigurationIsVisible = 0;
			defaultConfigurationName = Release;
		};
		75EADB3527CACCFC00D094D7 /* Build configuration list for PBXNativeTarget "ios-photobaseTests" */ = {
			isa = XCConfigurationList;
			buildConfigurations = (
				75EADB3627CACCFC00D094D7 /* Debug */,
				75EADB3727CACCFC00D094D7 /* Release */,
			);
			defaultConfigurationIsVisible = 0;
			defaultConfigurationName = Release;
		};
		75EADB3827CACCFC00D094D7 /* Build configuration list for PBXNativeTarget "ios-photobaseUITests" */ = {
			isa = XCConfigurationList;
			buildConfigurations = (
				75EADB3927CACCFC00D094D7 /* Debug */,
				75EADB3A27CACCFC00D094D7 /* Release */,
			);
			defaultConfigurationIsVisible = 0;
			defaultConfigurationName = Release;
		};
/* End XCConfigurationList section */
	};
	rootObject = 75EADB0627CACCF900D094D7 /* Project object */;
}
